
Microsoft Visual Studio Solution File, Format Version 12.00
# Visual Studio Version 17
VisualStudioVersion = 17.5.002.0
MinimumVisualStudioVersion = 10.0.40219.1
Project("{9A19103F-16F7-4668-BE54-9A1E7A4F7556}") = "GestaoRhApi", "GestaoRhApi\GestaoRhApi.csproj", "{B0EB0448-9279-4D57-B989-ABF9BFD791E3}"
EndProject
Global
	GlobalSection(SolutionConfigurationPlatforms) = preSolution
		Debug|Any CPU = Debug|Any CPU
		Release|Any CPU = Release|Any CPU
	EndGlobalSection
	GlobalSection(ProjectConfigurationPlatforms) = postSolution
		{B0EB0448-9279-4D57-B989-ABF9BFD791E3}.Debug|Any CPU.ActiveCfg = Debug|Any CPU
		{B0EB0448-9279-4D57-B989-ABF9BFD791E3}.Debug|Any CPU.Build.0 = Debug|Any CPU
		{B0EB0448-9279-4D57-B989-ABF9BFD791E3}.Release|Any CPU.ActiveCfg = Release|Any CPU
		{B0EB0448-9279-4D57-B989-ABF9BFD791E3}.Release|Any CPU.Build.0 = Release|Any CPU
	EndGlobalSection
	GlobalSection(SolutionProperties) = preSolution
		HideSolutionNode = FALSE
	EndGlobalSection
	GlobalSection(ExtensibilityGlobals) = postSolution
		SolutionGuid = {C6E9158E-169A-40FA-A01A-9EF12A0D7822}
	EndGlobalSection
EndGlobal
